
Microsoft Visual Studio Solution File, Format Version 12.00
# Visual Studio 14
VisualStudioVersion = 14.0.25420.1
MinimumVisualStudioVersion = 10.0.40219.1
Project("{FAE04EC0-301F-11D3-BF4B-00C04F79EFBC}") = "GUI", "Quản lý nhân viên\GUI.csproj", "{8F9949FE-3AE6-4641-999A-DAB91156710C}"
EndProject
Project("{FAE04EC0-301F-11D3-BF4B-00C04F79EFBC}") = "DTO", "DTO\DTO.csproj", "{1A89E45D-24BF-4586-B1AF-1C048699D2E4}"
EndProject
Project("{FAE04EC0-301F-11D3-BF4B-00C04F79EFBC}") = "DAL", "DAL\DAL.csproj", "{B96462FB-088A-4A28-8F70-029CAD53F16A}"
EndProject
Project("{FAE04EC0-301F-11D3-BF4B-00C04F79EFBC}") = "BUS", "BUS\BUS.csproj", "{C79D2F61-599D-4317-9777-7D615410839C}"
EndProject
Global
	GlobalSection(SolutionConfigurationPlatforms) = preSolution
		Debug|Any CPU = Debug|Any CPU
		Release|Any CPU = Release|Any CPU
	EndGlobalSection
	GlobalSection(ProjectConfigurationPlatforms) = postSolution
		{8F9949FE-3AE6-4641-999A-DAB91156710C}.Debug|Any CPU.ActiveCfg = Debug|Any CPU
		{8F9949FE-3AE6-4641-999A-DAB91156710C}.Debug|Any CPU.Build.0 = Debug|Any CPU
		{8F9949FE-3AE6-4641-999A-DAB91156710C}.Release|Any CPU.ActiveCfg = Release|Any CPU
		{8F9949FE-3AE6-4641-999A-DAB91156710C}.Release|Any CPU.Build.0 = Release|Any CPU
		{1A89E45D-24BF-4586-B1AF-1C048699D2E4}.Debug|Any CPU.ActiveCfg = Debug|Any CPU
		{1A89E45D-24BF-4586-B1AF-1C048699D2E4}.Debug|Any CPU.Build.0 = Debug|Any CPU
		{1A89E45D-24BF-4586-B1AF-1C048699D2E4}.Release|Any CPU.ActiveCfg = Release|Any CPU
		{1A89E45D-24BF-4586-B1AF-1C048699D2E4}.Release|Any CPU.Build.0 = Release|Any CPU
		{B96462FB-088A-4A28-8F70-029CAD53F16A}.Debug|Any CPU.ActiveCfg = Debug|Any CPU
		{B96462FB-088A-4A28-8F70-029CAD53F16A}.Debug|Any CPU.Build.0 = Debug|Any CPU
		{B96462FB-088A-4A28-8F70-029CAD53F16A}.Release|Any CPU.ActiveCfg = Release|Any CPU
		{B96462FB-088A-4A28-8F70-029CAD53F16A}.Release|Any CPU.Build.0 = Release|Any CPU
		{C79D2F61-599D-4317-9777-7D615410839C}.Debug|Any CPU.ActiveCfg = Debug|Any CPU
		{C79D2F61-599D-4317-9777-7D615410839C}.Debug|Any CPU.Build.0 = Debug|Any CPU
		{C79D2F61-599D-4317-9777-7D615410839C}.Release|Any CPU.ActiveCfg = Release|Any CPU
		{C79D2F61-599D-4317-9777-7D615410839C}.Release|Any CPU.Build.0 = Release|Any CPU
	EndGlobalSection
	GlobalSection(SolutionProperties) = preSolution
		HideSolutionNode = FALSE
	EndGlobalSection
EndGlobal
